// !$*UTF8*$!
{
	archiveVersion = 1;
	classes = {
	};
	objectVersion = 46;
	objects = {

/* Begin PBXBuildFile section */
		8CE157D61E47E833006D0E06 /* AppDelegate.swift in Sources */ = {isa = PBXBuildFile; fileRef = 8CE157D51E47E833006D0E06 /* AppDelegate.swift */; };
		8CE157D81E47E833006D0E06 /* ViewController.swift in Sources */ = {isa = PBXBuildFile; fileRef = 8CE157D71E47E833006D0E06 /* ViewController.swift */; };
		8CE157DB1E47E833006D0E06 /* Main.storyboard in Resources */ = {isa = PBXBuildFile; fileRef = 8CE157D91E47E833006D0E06 /* Main.storyboard */; };
		8CE157DD1E47E833006D0E06 /* Assets.xcassets in Resources */ = {isa = PBXBuildFile; fileRef = 8CE157DC1E47E833006D0E06 /* Assets.xcassets */; };
		8CE157E01E47E833006D0E06 /* LaunchScreen.storyboard in Resources */ = {isa = PBXBuildFile; fileRef = 8CE157DE1E47E833006D0E06 /* LaunchScreen.storyboard */; };
		8CE157EB1E47E833006D0E06 /* Hello_WorldTests.swift in Sources */ = {isa = PBXBuildFile; fileRef = 8CE157EA1E47E833006D0E06 /* Hello_WorldTests.swift */; };
		8CE157F61E47E833006D0E06 /* Hello_WorldUITests.swift in Sources */ = {isa = PBXBuildFile; fileRef = 8CE157F51E47E833006D0E06 /* Hello_WorldUITests.swift */; };
/* End PBXBuildFile section */

/* Begin PBXContainerItemProxy section */
		8CE157E71E47E833006D0E06 /* PBXContainerItemProxy */ = {
			isa = PBXContainerItemProxy;
			containerPortal = 8CE157CA1E47E833006D0E06 /* Project object */;
			proxyType = 1;
			remoteGlobalIDString = 8CE157D11E47E833006D0E06;
			remoteInfo = "Hello World";
		};
		8CE157F21E47E833006D0E06 /* PBXContainerItemProxy */ = {
			isa = PBXContainerItemProxy;
			containerPortal = 8CE157CA1E47E833006D0E06 /* Project object */;
			proxyType = 1;
			remoteGlobalIDString = 8CE157D11E47E833006D0E06;
			remoteInfo = "Hello World";
		};
/* End PBXContainerItemProxy section */

/* Begin PBXFileReference section */
		8CE157D21E47E833006D0E06 /* Hello World.app */ = {isa = PBXFileReference; explicitFileType = wrapper.application; includeInIndex = 0; path = "Hello World.app"; sourceTree = BUILT_PRODUCTS_DIR; };
		8CE157D51E47E833006D0E06 /* AppDelegate.swift */ = {isa = PBXFileReference; lastKnownFileType = sourcecode.swift; path = AppDelegate.swift; sourceTree = "<group>"; };
		8CE157D71E47E833006D0E06 /* ViewController.swift */ = {isa = PBXFileReference; lastKnownFileType = sourcecode.swift; path = ViewController.swift; sourceTree = "<group>"; };
		8CE157DA1E47E833006D0E06 /* Base */ = {isa = PBXFileReference; lastKnownFileType = file.storyboard; name = Base; path = Base.lproj/Main.storyboard; sourceTree = "<group>"; };
		8CE157DC1E47E833006D0E06 /* Assets.xcassets */ = {isa = PBXFileReference; lastKnownFileType = folder.assetcatalog; path = Assets.xcassets; sourceTree = "<group>"; };
		8CE157DF1E47E833006D0E06 /* Base */ = {isa = PBXFileReference; lastKnownFileType = file.storyboard; name = Base; path = Base.lproj/LaunchScreen.storyboard; sourceTree = "<group>"; };
		8CE157E11E47E833006D0E06 /* Info.plist */ = {isa = PBXFileReference; lastKnownFileType = text.plist.xml; path = Info.plist; sourceTree = "<group>"; };
		8CE157E61E47E833006D0E06 /* Hello WorldTests.xctest */ = {isa = PBXFileReference; explicitFileType = wrapper.cfbundle; includeInIndex = 0; path = "Hello WorldTests.xctest"; sourceTree = BUILT_PRODUCTS_DIR; };
		8CE157EA1E47E833006D0E06 /* Hello_WorldTests.swift */ = {isa = PBXFileReference; lastKnownFileType = sourcecode.swift; path = Hello_WorldTests.swift; sourceTree = "<group>"; };
		8CE157EC1E47E833006D0E06 /* Info.plist */ = {isa = PBXFileReference; lastKnownFileType = text.plist.xml; path = Info.plist; sourceTree = "<group>"; };
		8CE157F11E47E833006D0E06 /* Hello WorldUITests.xctest */ = {isa = PBXFileReference; explicitFileType = wrapper.cfbundle; includeInIndex = 0; path = "Hello WorldUITests.xctest"; sourceTree = BUILT_PRODUCTS_DIR; };
		8CE157F51E47E833006D0E06 /* Hello_WorldUITests.swift */ = {isa = PBXFileReference; lastKnownFileType = sourcecode.swift; path = Hello_WorldUITests.swift; sourceTree = "<group>"; };
		8CE157F71E47E833006D0E06 /* Info.plist */ = {isa = PBXFileReference; lastKnownFileType = text.plist.xml; path = Info.plist; sourceTree = "<group>"; };
/* End PBXFileReference section */

/* Begin PBXFrameworksBuildPhase section */
		8CE157CF1E47E833006D0E06 /* Frameworks */ = {
			isa = PBXFrameworksBuildPhase;
			buildActionMask = 2147483647;
			files = (
			);
			runOnlyForDeploymentPostprocessing = 0;
		};
		8CE157E31E47E833006D0E06 /* Frameworks */ = {
			isa = PBXFrameworksBuildPhase;
			buildActionMask = 2147483647;
			files = (
			);
			runOnlyForDeploymentPostprocessing = 0;
		};
		8CE157EE1E47E833006D0E06 /* Frameworks */ = {
			isa = PBXFrameworksBuildPhase;
			buildActionMask = 2147483647;
			files = (
			);
			runOnlyForDeploymentPostprocessing = 0;
		};
/* End PBXFrameworksBuildPhase section */

/* Begin PBXGroup section */
		8CE157C91E47E833006D0E06 = {
			isa = PBXGroup;
			children = (
				8CE157D41E47E833006D0E06 /* Hello World */,
				8CE157E91E47E833006D0E06 /* Hello WorldTests */,
				8CE157F41E47E833006D0E06 /* Hello WorldUITests */,
				8CE157D31E47E833006D0E06 /* Products */,
			);
			sourceTree = "<group>";
		};
		8CE157D31E47E833006D0E06 /* Products */ = {
			isa = PBXGroup;
			children = (
				8CE157D21E47E833006D0E06 /* Hello World.app */,
				8CE157E61E47E833006D0E06 /* Hello WorldTests.xctest */,
				8CE157F11E47E833006D0E06 /* Hello WorldUITests.xctest */,
			);
			name = Products;
			sourceTree = "<group>";
		};
		8CE157D41E47E833006D0E06 /* Hello World */ = {
			isa = PBXGroup;
			children = (
				8CE157D51E47E833006D0E06 /* AppDelegate.swift */,
				8CE157D71E47E833006D0E06 /* ViewController.swift */,
				8CE157D91E47E833006D0E06 /* Main.storyboard */,
				8CE157DC1E47E833006D0E06 /* Assets.xcassets */,
				8CE157DE1E47E833006D0E06 /* LaunchScreen.storyboard */,
				8CE157E11E47E833006D0E06 /* Info.plist */,
			);
			path = "Hello World";
			sourceTree = "<group>";
		};
		8CE157E91E47E833006D0E06 /* Hello WorldTests */ = {
			isa = PBXGroup;
			children = (
				8CE157EA1E47E833006D0E06 /* Hello_WorldTests.swift */,
				8CE157EC1E47E833006D0E06 /* Info.plist */,
			);
			path = "Hello WorldTests";
			sourceTree = "<group>";
		};
		8CE157F41E47E833006D0E06 /* Hello WorldUITests */ = {
			isa = PBXGroup;
			children = (
				8CE157F51E47E833006D0E06 /* Hello_WorldUITests.swift */,
				8CE157F71E47E833006D0E06 /* Info.plist */,
			);
			path = "Hello WorldUITests";
			sourceTree = "<group>";
		};
/* End PBXGroup section */

/* Begin PBXNativeTarget section */
		8CE157D11E47E833006D0E06 /* Hello World */ = {
			isa = PBXNativeTarget;
			buildConfigurationList = 8CE157FA1E47E833006D0E06 /* Build configuration list for PBXNativeTarget "Hello World" */;
			buildPhases = (
				8CE157CE1E47E833006D0E06 /* Sources */,
				8CE157CF1E47E833006D0E06 /* Frameworks */,
				8CE157D01E47E833006D0E06 /* Resources */,
			);
			buildRules = (
			);
			dependencies = (
			);
			name = "Hello World";
			productName = "Hello World";
			productReference = 8CE157D21E47E833006D0E06 /* Hello World.app */;
			productType = "com.apple.product-type.application";
		};
		8CE157E51E47E833006D0E06 /* Hello WorldTests */ = {
			isa = PBXNativeTarget;
			buildConfigurationList = 8CE157FD1E47E833006D0E06 /* Build configuration list for PBXNativeTarget "Hello WorldTests" */;
			buildPhases = (
				8CE157E21E47E833006D0E06 /* Sources */,
				8CE157E31E47E833006D0E06 /* Frameworks */,
				8CE157E41E47E833006D0E06 /* Resources */,
			);
			buildRules = (
			);
			dependencies = (
				8CE157E81E47E833006D0E06 /* PBXTargetDependency */,
			);
			name = "Hello WorldTests";
			productName = "Hello WorldTests";
			productReference = 8CE157E61E47E833006D0E06 /* Hello WorldTests.xctest */;
			productType = "com.apple.product-type.bundle.unit-test";
		};
		8CE157F01E47E833006D0E06 /* Hello WorldUITests */ = {
			isa = PBXNativeTarget;
			buildConfigurationList = 8CE158001E47E833006D0E06 /* Build configuration list for PBXNativeTarget "Hello WorldUITests" */;
			buildPhases = (
				8CE157ED1E47E833006D0E06 /* Sources */,
				8CE157EE1E47E833006D0E06 /* Frameworks */,
				8CE157EF1E47E833006D0E06 /* Resources */,
			);
			buildRules = (
			);
			dependencies = (
				8CE157F31E47E833006D0E06 /* PBXTargetDependency */,
			);
			name = "Hello WorldUITests";
			productName = "Hello WorldUITests";
			productReference = 8CE157F11E47E833006D0E06 /* Hello WorldUITests.xctest */;
			productType = "com.apple.product-type.bundle.ui-testing";
		};
/* End PBXNativeTarget section */

/* Begin PBXProject section */
		8CE157CA1E47E833006D0E06 /* Project object */ = {
			isa = PBXProject;
			attributes = {
				LastSwiftUpdateCheck = 0820;
				LastUpgradeCheck = 0820;
				ORGANIZATIONNAME = "Adrian Cunliffe";
				TargetAttributes = {
					8CE157D11E47E833006D0E06 = {
						CreatedOnToolsVersion = 8.2.1;
						ProvisioningStyle = Automatic;
					};
					8CE157E51E47E833006D0E06 = {
						CreatedOnToolsVersion = 8.2.1;
						ProvisioningStyle = Automatic;
						TestTargetID = 8CE157D11E47E833006D0E06;
					};
					8CE157F01E47E833006D0E06 = {
						CreatedOnToolsVersion = 8.2.1;
						ProvisioningStyle = Automatic;
						TestTargetID = 8CE157D11E47E833006D0E06;
					};
				};
			};
			buildConfigurationList = 8CE157CD1E47E833006D0E06 /* Build configuration list for PBXProject "Hello World" */;
			compatibilityVersion = "Xcode 3.2";
			developmentRegion = English;
			hasScannedForEncodings = 0;
			knownRegions = (
				en,
				Base,
			);
			mainGroup = 8CE157C91E47E833006D0E06;
			productRefGroup = 8CE157D31E47E833006D0E06 /* Products */;
			projectDirPath = "";
			projectRoot = "";
			targets = (
				8CE157D11E47E833006D0E06 /* Hello World */,
				8CE157E51E47E833006D0E06 /* Hello WorldTests */,
				8CE157F01E47E833006D0E06 /* Hello WorldUITests */,
			);
		};
/* End PBXProject section */

/* Begin PBXResourcesBuildPhase section */
		8CE157D01E47E833006D0E06 /* Resources */ = {
			isa = PBXResourcesBuildPhase;
			buildActionMask = 2147483647;
			files = (
				8CE157E01E47E833006D0E06 /* LaunchScreen.storyboard in Resources */,
				8CE157DD1E47E833006D0E06 /* Assets.xcassets in Resources */,
				8CE157DB1E47E833006D0E06 /* Main.storyboard in Resources */,
			);
			runOnlyForDeploymentPostprocessing = 0;
		};
		8CE157E41E47E833006D0E06 /* Resources */ = {
			isa = PBXResourcesBuildPhase;
			buildActionMask = 2147483647;
			files = (
			);
			runOnlyForDeploymentPostprocessing = 0;
		};
		8CE157EF1E47E833006D0E06 /* Resources */ = {
			isa = PBXResourcesBuildPhase;
			buildActionMask = 2147483647;
			files = (
			);
			runOnlyForDeploymentPostprocessing = 0;
		};
/* End PBXResourcesBuildPhase section */

/* Begin PBXSourcesBuildPhase section */
		8CE157CE1E47E833006D0E06 /* Sources */ = {
			isa = PBXSourcesBuildPhase;
			buildActionMask = 2147483647;
			files = (
				8CE157D81E47E833006D0E06 /* ViewController.swift in Sources */,
				8CE157D61E47E833006D0E06 /* AppDelegate.swift in Sources */,
			);
			runOnlyForDeploymentPostprocessing = 0;
		};
		8CE157E21E47E833006D0E06 /* Sources */ = {
			isa = PBXSourcesBuildPhase;
			buildActionMask = 2147483647;
			files = (
				8CE157EB1E47E833006D0E06 /* Hello_WorldTests.swift in Sources */,
			);
			runOnlyForDeploymentPostprocessing = 0;
		};
		8CE157ED1E47E833006D0E06 /* Sources */ = {
			isa = PBXSourcesBuildPhase;
			buildActionMask = 2147483647;
			files = (
				8CE157F61E47E833006D0E06 /* Hello_WorldUITests.swift in Sources */,
			);
			runOnlyForDeploymentPostprocessing = 0;
		};
/* End PBXSourcesBuildPhase section */

/* Begin PBXTargetDependency section */
		8CE157E81E47E833006D0E06 /* PBXTargetDependency */ = {
			isa = PBXTargetDependency;
			target = 8CE157D11E47E833006D0E06 /* Hello World */;
			targetProxy = 8CE157E71E47E833006D0E06 /* PBXContainerItemProxy */;
		};
		8CE157F31E47E833006D0E06 /* PBXTargetDependency */ = {
			isa = PBXTargetDependency;
			target = 8CE157D11E47E833006D0E06 /* Hello World */;
			targetProxy = 8CE157F21E47E833006D0E06 /* PBXContainerItemProxy */;
		};
/* End PBXTargetDependency section */

/* Begin PBXVariantGroup section */
		8CE157D91E47E833006D0E06 /* Main.storyboard */ = {
			isa = PBXVariantGroup;
			children = (
				8CE157DA1E47E833006D0E06 /* Base */,
			);
			name = Main.storyboard;
			sourceTree = "<group>";
		};
		8CE157DE1E47E833006D0E06 /* LaunchScreen.storyboard */ = {
			isa = PBXVariantGroup;
			children = (
				8CE157DF1E47E833006D0E06 /* Base */,
			);
			name = LaunchScreen.storyboard;
			sourceTree = "<group>";
		};
/* End PBXVariantGroup section */

/* Begin XCBuildConfiguration section */
		8CE157F81E47E833006D0E06 /* Debug */ = {
			isa = XCBuildConfiguration;
			buildSettings = {
				ALWAYS_SEARCH_USER_PATHS = NO;
				CLANG_ANALYZER_NONNULL = YES;
				CLANG_CXX_LANGUAGE_STANDARD = "gnu++0x";
				CLANG_CXX_LIBRARY = "libc++";
				CLANG_ENABLE_MODULES = YES;
				CLANG_ENABLE_OBJC_ARC = YES;
				CLANG_WARN_BOOL_CONVERSION = YES;
				CLANG_WARN_CONSTANT_CONVERSION = YES;
				CLANG_WARN_DIRECT_OBJC_ISA_USAGE = YES_ERROR;
				CLANG_WARN_DOCUMENTATION_COMMENTS = YES;
				CLANG_WARN_EMPTY_BODY = YES;
				CLANG_WARN_ENUM_CONVERSION = YES;
				CLANG_WARN_INFINITE_RECURSION = YES;
				CLANG_WARN_INT_CONVERSION = YES;
				CLANG_WARN_OBJC_ROOT_CLASS = YES_ERROR;
				CLANG_WARN_SUSPICIOUS_MOVE = YES;
				CLANG_WARN_UNREACHABLE_CODE = YES;
				CLANG_WARN__DUPLICATE_METHOD_MATCH = YES;
				"CODE_SIGN_IDENTITY[sdk=iphoneos*]" = "iPhone Developer";
				COPY_PHASE_STRIP = NO;
				DEBUG_INFORMATION_FORMAT = dwarf;
				ENABLE_STRICT_OBJC_MSGSEND = YES;
				ENABLE_TESTABILITY = YES;
				GCC_C_LANGUAGE_STANDARD = gnu99;
				GCC_DYNAMIC_NO_PIC = NO;
				GCC_NO_COMMON_BLOCKS = YES;
				GCC_OPTIMIZATION_LEVEL = 0;
				GCC_PREPROCESSOR_DEFINITIONS = (
					"DEBUG=1",
					"$(inherited)",
				);
				GCC_WARN_64_TO_32_BIT_CONVERSION = YES;
				GCC_WARN_ABOUT_RETURN_TYPE = YES_ERROR;
				GCC_WARN_UNDECLARED_SELECTOR = YES;
				GCC_WARN_UNINITIALIZED_AUTOS = YES_AGGRESSIVE;
				GCC_WARN_UNUSED_FUNCTION = YES;
				GCC_WARN_UNUSED_VARIABLE = YES;
				IPHONEOS_DEPLOYMENT_TARGET = 10.2;
				MTL_ENABLE_DEBUG_INFO = YES;
				ONLY_ACTIVE_ARCH = YES;
				SDKROOT = iphoneos;
				SWIFT_ACTIVE_COMPILATION_CONDITIONS = DEBUG;
				SWIFT_OPTIMIZATION_LEVEL = "-Onone";
				TARGETED_DEVICE_FAMILY = "1,2";
			};
			name = Debug;
		};
		8CE157F91E47E833006D0E06 /* Release */ = {
			isa = XCBuildConfiguration;
			buildSettings = {
				ALWAYS_SEARCH_USER_PATHS = NO;
				CLANG_ANALYZER_NONNULL = YES;
				CLANG_CXX_LANGUAGE_STANDARD = "gnu++0x";
				CLANG_CXX_LIBRARY = "libc++";
				CLANG_ENABLE_MODULES = YES;
				CLANG_ENABLE_OBJC_ARC = YES;
				CLANG_WARN_BOOL_CONVERSION = YES;
				CLANG_WARN_CONSTANT_CONVERSION = YES;
				CLANG_WARN_DIRECT_OBJC_ISA_USAGE = YES_ERROR;
				CLANG_WARN_DOCUMENTATION_COMMENTS = YES;
				CLANG_WARN_EMPTY_BODY = YES;
				CLANG_WARN_ENUM_CONVERSION = YES;
				CLANG_WARN_INFINITE_RECURSION = YES;
				CLANG_WARN_INT_CONVERSION = YES;
				CLANG_WARN_OBJC_ROOT_CLASS = YES_ERROR;
				CLANG_WARN_SUSPICIOUS_MOVE = YES;
				CLANG_WARN_UNREACHABLE_CODE = YES;
				CLANG_WARN__DUPLICATE_METHOD_MATCH = YES;
				"CODE_SIGN_IDENTITY[sdk=iphoneos*]" = "iPhone Developer";
				COPY_PHASE_STRIP = NO;
				DEBUG_INFORMATION_FORMAT = "dwarf-with-dsym";
				ENABLE_NS_ASSERTIONS = NO;
				ENABLE_STRICT_OBJC_MSGSEND = YES;
				GCC_C_LANGUAGE_STANDARD = gnu99;
				GCC_NO_COMMON_BLOCKS = YES;
				GCC_WARN_64_TO_32_BIT_CONVERSION = YES;
				GCC_WARN_ABOUT_RETURN_TYPE = YES_ERROR;
				GCC_WARN_UNDECLARED_SELECTOR = YES;
				GCC_WARN_UNINITIALIZED_AUTOS = YES_AGGRESSIVE;
				GCC_WARN_UNUSED_FUNCTION = YES;
				GCC_WARN_UNUSED_VARIABLE = YES;
				IPHONEOS_DEPLOYMENT_TARGET = 10.2;
				MTL_ENABLE_DEBUG_INFO = NO;
				SDKROOT = iphoneos;
				SWIFT_OPTIMIZATION_LEVEL = "-Owholemodule";
				TARGETED_DEVICE_FAMILY = "1,2";
				VALIDATE_PRODUCT = YES;
			};
			name = Release;
		};
		8CE157FB1E47E833006D0E06 /* Debug */ = {
			isa = XCBuildConfiguration;
			buildSettings = {
				ASSETCATALOG_COMPILER_APPICON_NAME = AppIcon;
				INFOPLIST_FILE = "Hello World/Info.plist";
				LD_RUNPATH_SEARCH_PATHS = "$(inherited) @executable_path/Frameworks";
				PRODUCT_BUNDLE_IDENTIFIER = "com.devslopes.adriancunliffe.Hello-World";
				PRODUCT_NAME = "$(TARGET_NAME)";
				SWIFT_VERSION = 3.0;
			};
			name = Debug;
		};
		8CE157FC1E47E833006D0E06 /* Release */ = {
			isa = XCBuildConfiguration;
			buildSettings = {
				ASSETCATALOG_COMPILER_APPICON_NAME = AppIcon;
				INFOPLIST_FILE = "Hello World/Info.plist";
				LD_RUNPATH_SEARCH_PATHS = "$(inherited) @executable_path/Frameworks";
				PRODUCT_BUNDLE_IDENTIFIER = "com.devslopes.adriancunliffe.Hello-World";
				PRODUCT_NAME = "$(TARGET_NAME)";
				SWIFT_VERSION = 3.0;
			};
			name = Release;
		};
		8CE157FE1E47E833006D0E06 /* Debug */ = {
			isa = XCBuildConfiguration;
			buildSettings = {
				ALWAYS_EMBED_SWIFT_STANDARD_LIBRARIES = YES;
				BUNDLE_LOADER = "$(TEST_HOST)";
				INFOPLIST_FILE = "Hello WorldTests/Info.plist";
				LD_RUNPATH_SEARCH_PATHS = "$(inherited) @executable_path/Frameworks @loader_path/Frameworks";
				PRODUCT_BUNDLE_IDENTIFIER = "com.devslopes.adriancunliffe.Hello-WorldTests";
				PRODUCT_NAME = "$(TARGET_NAME)";
				SWIFT_VERSION = 3.0;
				TEST_HOST = "$(BUILT_PRODUCTS_DIR)/Hello World.app/Hello World";
			};
			name = Debug;
		};
		8CE157FF1E47E833006D0E06 /* Release */ = {
			isa = XCBuildConfiguration;
			buildSettings = {
				ALWAYS_EMBED_SWIFT_STANDARD_LIBRARIES = YES;
				BUNDLE_LOADER = "$(TEST_HOST)";
				INFOPLIST_FILE = "Hello WorldTests/Info.plist";
				LD_RUNPATH_SEARCH_PATHS = "$(inherited) @executable_path/Frameworks @loader_path/Frameworks";
				PRODUCT_BUNDLE_IDENTIFIER = "com.devslopes.adriancunliffe.Hello-WorldTests";
				PRODUCT_NAME = "$(TARGET_NAME)";
				SWIFT_VERSION = 3.0;
				TEST_HOST = "$(BUILT_PRODUCTS_DIR)/Hello World.app/Hello World";
			};
			name = Release;
		};
		8CE158011E47E833006D0E06 /* Debug */ = {
			isa = XCBuildConfiguration;
			buildSettings = {
				ALWAYS_EMBED_SWIFT_STANDARD_LIBRARIES = YES;
				INFOPLIST_FILE = "Hello WorldUITests/Info.plist";
				LD_RUNPATH_SEARCH_PATHS = "$(inherited) @executable_path/Frameworks @loader_path/Frameworks";
				PRODUCT_BUNDLE_IDENTIFIER = "com.devslopes.adriancunliffe.Hello-WorldUITests";
				PRODUCT_NAME = "$(TARGET_NAME)";
				SWIFT_VERSION = 3.0;
				TEST_TARGET_NAME = "Hello World";
			};
			name = Debug;
		};
		8CE158021E47E833006D0E06 /* Release */ = {
			isa = XCBuildConfiguration;
			buildSettings = {
				ALWAYS_EMBED_SWIFT_STANDARD_LIBRARIES = YES;
				INFOPLIST_FILE = "Hello WorldUITests/Info.plist";
				LD_RUNPATH_SEARCH_PATHS = "$(inherited) @executable_path/Frameworks @loader_path/Frameworks";
				PRODUCT_BUNDLE_IDENTIFIER = "com.devslopes.adriancunliffe.Hello-WorldUITests";
				PRODUCT_NAME = "$(TARGET_NAME)";
				SWIFT_VERSION = 3.0;
				TEST_TARGET_NAME = "Hello World";
			};
			name = Release;
		};
/* End XCBuildConfiguration section */

/* Begin XCConfigurationList section */
		8CE157CD1E47E833006D0E06 /* Build configuration list for PBXProject "Hello World" */ = {
			isa = XCConfigurationList;
			buildConfigurations = (
				8CE157F81E47E833006D0E06 /* Debug */,
				8CE157F91E47E833006D0E06 /* Release */,
			);
			defaultConfigurationIsVisible = 0;
			defaultConfigurationName = Release;
		};
		8CE157FA1E47E833006D0E06 /* Build configuration list for PBXNativeTarget "Hello World" */ = {
			isa = XCConfigurationList;
			buildConfigurations = (
				8CE157FB1E47E833006D0E06 /* Debug */,
				8CE157FC1E47E833006D0E06 /* Release */,
			);
			defaultConfigurationIsVisible = 0;
		};
		8CE157FD1E47E833006D0E06 /* Build configuration list for PBXNativeTarget "Hello WorldTests" */ = {
			isa = XCConfigurationList;
			buildConfigurations = (
				8CE157FE1E47E833006D0E06 /* Debug */,
				8CE157FF1E47E833006D0E06 /* Release */,
			);
			defaultConfigurationIsVisible = 0;
		};
		8CE158001E47E833006D0E06 /* Build configuration list for PBXNativeTarget "Hello WorldUITests" */ = {
			isa = XCConfigurationList;
			buildConfigurations = (
				8CE158011E47E833006D0E06 /* Debug */,
				8CE158021E47E833006D0E06 /* Release */,
			);
			defaultConfigurationIsVisible = 0;
		};
/* End XCConfigurationList section */
	};
	rootObject = 8CE157CA1E47E833006D0E06 /* Project object */;
}
